
Microsoft Visual Studio Solution File, Format Version 12.00
# Visual Studio Version 16
VisualStudioVersion = 16.0.29519.87
MinimumVisualStudioVersion = 10.0.40219.1
Project("{FAE04EC0-301F-11D3-BF4B-00C04F79EFBC}") = "TimeZ", "TimeZ.csproj", "{49546813-8CE9-4191-A3F5-DE7A72CF62AD}"
EndProject
Global
	GlobalSection(SolutionConfigurationPlatforms) = preSolution
		Debug|Any CPU = Debug|Any CPU
		Release|Any CPU = Release|Any CPU
	EndGlobalSection
	GlobalSection(ProjectConfigurationPlatforms) = postSolution
		{49546813-8CE9-4191-A3F5-DE7A72CF62AD}.Debug|Any CPU.ActiveCfg = Debug|Any CPU
		{49546813-8CE9-4191-A3F5-DE7A72CF62AD}.Debug|Any CPU.Build.0 = Debug|Any CPU
		{49546813-8CE9-4191-A3F5-DE7A72CF62AD}.Release|Any CPU.ActiveCfg = Release|Any CPU
		{49546813-8CE9-4191-A3F5-DE7A72CF62AD}.Release|Any CPU.Build.0 = Release|Any CPU
	EndGlobalSection
	GlobalSection(SolutionProperties) = preSolution
		HideSolutionNode = FALSE
	EndGlobalSection
	GlobalSection(ExtensibilityGlobals) = postSolution
		SolutionGuid = {3B8B6DCE-B1B3-4E37-8A31-F4B89A01D063}
	EndGlobalSection
EndGlobal
