
Microsoft Visual Studio Solution File, Format Version 12.00
# Visual Studio Version 16
VisualStudioVersion = 16.0.29519.87
MinimumVisualStudioVersion = 10.0.40219.1
Project("{FAE04EC0-301F-11D3-BF4B-00C04F79EFBC}") = "TimeSystem", "TimeSystem.csproj", "{6CDD2600-9C6A-44A7-B7C8-8A60493639CB}"
EndProject
Global
	GlobalSection(SolutionConfigurationPlatforms) = preSolution
		Debug|Any CPU = Debug|Any CPU
		Release|Any CPU = Release|Any CPU
	EndGlobalSection
	GlobalSection(ProjectConfigurationPlatforms) = postSolution
		{6CDD2600-9C6A-44A7-B7C8-8A60493639CB}.Debug|Any CPU.ActiveCfg = Debug|Any CPU
		{6CDD2600-9C6A-44A7-B7C8-8A60493639CB}.Debug|Any CPU.Build.0 = Debug|Any CPU
		{6CDD2600-9C6A-44A7-B7C8-8A60493639CB}.Release|Any CPU.ActiveCfg = Release|Any CPU
		{6CDD2600-9C6A-44A7-B7C8-8A60493639CB}.Release|Any CPU.Build.0 = Release|Any CPU
	EndGlobalSection
	GlobalSection(SolutionProperties) = preSolution
		HideSolutionNode = FALSE
	EndGlobalSection
	GlobalSection(ExtensibilityGlobals) = postSolution
		SolutionGuid = {4F480A8E-B849-4DED-8DD0-70E0648A3093}
	EndGlobalSection
EndGlobal
