
Microsoft Visual Studio Solution File, Format Version 12.00
# Visual Studio Version 16
VisualStudioVersion = 16.0.29519.87
MinimumVisualStudioVersion = 10.0.40219.1
Project("{FAE04EC0-301F-11D3-BF4B-00C04F79EFBC}") = "TimeSys", "TimeSys.csproj", "{44DA26F3-9FCB-4423-9CDA-5E2B07E3FCB7}"
EndProject
Global
	GlobalSection(SolutionConfigurationPlatforms) = preSolution
		Debug|Any CPU = Debug|Any CPU
		Release|Any CPU = Release|Any CPU
	EndGlobalSection
	GlobalSection(ProjectConfigurationPlatforms) = postSolution
		{44DA26F3-9FCB-4423-9CDA-5E2B07E3FCB7}.Debug|Any CPU.ActiveCfg = Debug|Any CPU
		{44DA26F3-9FCB-4423-9CDA-5E2B07E3FCB7}.Debug|Any CPU.Build.0 = Debug|Any CPU
		{44DA26F3-9FCB-4423-9CDA-5E2B07E3FCB7}.Release|Any CPU.ActiveCfg = Release|Any CPU
		{44DA26F3-9FCB-4423-9CDA-5E2B07E3FCB7}.Release|Any CPU.Build.0 = Release|Any CPU
	EndGlobalSection
	GlobalSection(SolutionProperties) = preSolution
		HideSolutionNode = FALSE
	EndGlobalSection
	GlobalSection(ExtensibilityGlobals) = postSolution
		SolutionGuid = {ED2D9998-A1E6-48F0-B77B-9F364FE834F9}
	EndGlobalSection
EndGlobal
